{
  "version": 4,
  "terraform_version": "1.10.0",
  "serial": 3,
  "lineage": "bf37d31e-a443-e1df-447a-72e0807f798a",
  "outputs": {},
  "resources": [
    {
      "mode": "managed",
      "type": "aws_eks_cluster",
      "name": "cluster",
      "provider": "provider[\"registry.terraform.io/hashicorp/aws\"]",
      "instances": [
        {
          "schema_version": 1,
          "attributes": {
            "access_config": [
              {
                "authentication_mode": "CONFIG_MAP",
                "bootstrap_cluster_creator_admin_permissions": true
              }
            ],
            "arn": "arn:aws:eks:us-east-1:034278417477:cluster/lab",
            "bootstrap_self_managed_addons": true,
            "certificate_authority": [
              {
                "data": "LS0tLS1CRUdJTiBDRVJUSUZJQ0FURS0tLS0tCk1JSURCVENDQWUyZ0F3SUJBZ0lJR3EwYnh0UWRNZ2t3RFFZSktvWklodmNOQVFFTEJRQXdGVEVUTUJFR0ExVUUKQXhNS2EzVmlaWEp1WlhSbGN6QWVGdzB5TlRBeE1qWXlNVFE0TlRoYUZ3MHpOVEF4TWpReU1UVXpOVGhhTUJVeApFekFSQmdOVkJBTVRDbXQxWW1WeWJtVjBaWE13Z2dFaU1BMEdDU3FHU0liM0RRRUJBUVVBQTRJQkR3QXdnZ0VLCkFvSUJBUUM5QysvSEhjd2pQTTRFeU03a1ZzcUM1RHJPbGV1UmVrYjlxUUV6N0g2ZkJuN0xIbno4cURJOUw1V24Ka3R4dWlvZ0N4NjJ0eGNMUW80WWZPd1VEUCtiNFJBd2hLTXhFNkRRUDY2bVY2V25MK29EUVpYczJYOTJaT3dBYQpNVGN0dGt5QjJsbDJFbnM0RmNCanI1YWJRbU00TDdEL25lMW1uTFJPYnlaYmIzVWxUdkRMM2NGRkVkSTk4T1RWClFISDlxalVxcGhPVU1rMFFLUlQvak5vVC93WitlcHpzRjRUNVlOeUlrL3pOaHM0YTJKMEFMYTJ6a0tBd0VZd20KeGNET1NlY05oYzFDTStBQTdWV3Jzdlc3TFJuZlVpM0NJakc4ZzMxaUpWcnM1Y3lrS3BlaEFDY0Z0dkpxTU1KNApuT3M4bngzOFBPZ3VSY08vc2d3R3ZQYlpJRjBIQWdNQkFBR2pXVEJYTUE0R0ExVWREd0VCL3dRRUF3SUNwREFQCkJnTlZIUk1CQWY4RUJUQURBUUgvTUIwR0ExVWREZ1FXQkJTTEZUbTltNHFNL2dBVkFYNDc5dWdNZ1VTdUl6QVYKQmdOVkhSRUVEakFNZ2dwcmRXSmxjbTVsZEdWek1BMEdDU3FHU0liM0RRRUJDd1VBQTRJQkFRQ3M5T1BZZGxLSQoxUmEwUUtNamR3YXI1Z1U3L1B1Sm5wVXVuZXdoTDMrSkNVdEtaNWYwWVI1T2tIK2s5Y0J0dEllYi9DZW1wZlY5ClZsdnhmZGtpcXBnZWdoYWZHQXY3S2d4bVVFTjNkYXJyb3BQSTRGVTRBOTFhU3ZSUFIvV2pYVkNTd1JoZ0Z1SDgKQTVGdmtMbnJxUFlZL09YQXVpTHdHQUpMQ1Y1QlBGL1JHK0duUEhzVDVGZk5ZaE5kYk1Fc2pIanBrQzF2RFJKaQpSeFRiN2RYMzFmZXZOQzdNVnNWUnBKVnMxMkYxMjloVFdTbHJTZ1pyY0cxL2FkTEVkZXdFLzBFbWREd2NSUU5HCmwzTExMYUllWE11U2JtY1JlU09CRjhpT05NeFgzeXFQdmUyVzlsS0hzb2RaTEJGSDZuaDhEV2FxdXF5U0tBK3YKTDJKSVdpd0x3UW9ICi0tLS0tRU5EIENFUlRJRklDQVRFLS0tLS0K"
              }
            ],
            "cluster_id": null,
            "compute_config": [],
            "created_at": "2025-01-26T21:49:33Z",
            "enabled_cluster_log_types": null,
            "encryption_config": [],
            "endpoint": "https://883B2786E430CD4FCE78C3085ADB6E37.gr7.us-east-1.eks.amazonaws.com",
            "id": "lab",
            "identity": [
              {
                "oidc": [
                  {
                    "issuer": "https://oidc.eks.us-east-1.amazonaws.com/id/883B2786E430CD4FCE78C3085ADB6E37"
                  }
                ]
              }
            ],
            "kubernetes_network_config": [
              {
                "elastic_load_balancing": [
                  {
                    "enabled": false
                  }
                ],
                "ip_family": "ipv4",
                "service_ipv4_cidr": "10.100.0.0/16",
                "service_ipv6_cidr": ""
              }
            ],
            "name": "lab",
            "outpost_config": [],
            "platform_version": "eks.17",
            "remote_network_config": [],
            "role_arn": "arn:aws:iam::034278417477:role/task98_role_243690.13925752",
            "status": "ACTIVE",
            "storage_config": [],
            "tags": null,
            "tags_all": {},
            "timeouts": null,
            "upgrade_policy": [
              {
                "support_type": "EXTENDED"
              }
            ],
            "version": "1.31",
            "vpc_config": [
              {
                "cluster_security_group_id": "sg-05430684fc9c4e95c",
                "endpoint_private_access": false,
                "endpoint_public_access": true,
                "public_access_cidrs": [
                  "0.0.0.0/0"
                ],
                "security_group_ids": null,
                "subnet_ids": [
                  "subnet-0353fbe94adda0697",
                  "subnet-03cb0609cc7f6d15c"
                ],
                "vpc_id": "vpc-0dfbfbcf385c3aacb"
              }
            ],
            "zonal_shift_config": []
          },
          "sensitive_attributes": [],
          "private": "eyJlMmJmYjczMC1lY2FhLTExZTYtOGY4OC0zNDM2M2JjN2M0YzAiOnsiY3JlYXRlIjoxODAwMDAwMDAwMDAwLCJkZWxldGUiOjkwMDAwMDAwMDAwMCwidXBkYXRlIjozNjAwMDAwMDAwMDAwfSwic2NoZW1hX3ZlcnNpb24iOiIxIn0="
        }
      ]
    }
  ],
  "check_results": null
}
