{
  "version": 4,
  "terraform_version": "1.10.0",
  "serial": 12,
  "lineage": "b495313a-5be4-d537-8026-2d82ebbac4c1",
  "outputs": {
    "ec2": {
      "value": "i-089240a14841b47bf",
      "type": "string"
    },
    "loadbalancer": {
      "value": "arn:aws:elasticloadbalancing:us-east-1:594874118676:loadbalancer/net/MyNetwork-LB/559bcff7f5f7942a",
      "type": "string"
    }
  },
  "resources": [
    {
      "mode": "data",
      "type": "aws_subnet",
      "name": "subnet1",
      "provider": "provider[\"registry.terraform.io/hashicorp/aws\"]",
      "instances": [
        {
          "schema_version": 0,
          "attributes": {
            "arn": "arn:aws:ec2:us-east-1:594874118676:subnet/subnet-05a5abc8b14583d7e",
            "assign_ipv6_address_on_creation": false,
            "availability_zone": "us-east-1a",
            "availability_zone_id": "use1-az2",
            "available_ip_address_count": 4091,
            "cidr_block": "172.31.80.0/20",
            "customer_owned_ipv4_pool": "",
            "default_for_az": true,
            "enable_dns64": false,
            "enable_lni_at_device_index": 0,
            "enable_resource_name_dns_a_record_on_launch": false,
            "enable_resource_name_dns_aaaa_record_on_launch": false,
            "filter": null,
            "id": "subnet-05a5abc8b14583d7e",
            "ipv6_cidr_block": "",
            "ipv6_cidr_block_association_id": "",
            "ipv6_native": false,
            "map_customer_owned_ip_on_launch": false,
            "map_public_ip_on_launch": true,
            "outpost_arn": "",
            "owner_id": "594874118676",
            "private_dns_hostname_type_on_launch": "ip-name",
            "state": "available",
            "tags": {},
            "timeouts": null,
            "vpc_id": "vpc-00819d4476e1a0f6a"
          },
          "sensitive_attributes": []
        }
      ]
    },
    {
      "mode": "data",
      "type": "aws_subnet",
      "name": "subnet2",
      "provider": "provider[\"registry.terraform.io/hashicorp/aws\"]",
      "instances": [
        {
          "schema_version": 0,
          "attributes": {
            "arn": "arn:aws:ec2:us-east-1:594874118676:subnet/subnet-0a0b8d81452df7248",
            "assign_ipv6_address_on_creation": false,
            "availability_zone": "us-east-1b",
            "availability_zone_id": "use1-az4",
            "available_ip_address_count": 4091,
            "cidr_block": "172.31.16.0/20",
            "customer_owned_ipv4_pool": "",
            "default_for_az": true,
            "enable_dns64": false,
            "enable_lni_at_device_index": 0,
            "enable_resource_name_dns_a_record_on_launch": false,
            "enable_resource_name_dns_aaaa_record_on_launch": false,
            "filter": null,
            "id": "subnet-0a0b8d81452df7248",
            "ipv6_cidr_block": "",
            "ipv6_cidr_block_association_id": "",
            "ipv6_native": false,
            "map_customer_owned_ip_on_launch": false,
            "map_public_ip_on_launch": true,
            "outpost_arn": "",
            "owner_id": "594874118676",
            "private_dns_hostname_type_on_launch": "ip-name",
            "state": "available",
            "tags": {},
            "timeouts": null,
            "vpc_id": "vpc-00819d4476e1a0f6a"
          },
          "sensitive_attributes": []
        }
      ]
    },
    {
      "mode": "data",
      "type": "aws_vpc",
      "name": "vpc",
      "provider": "provider[\"registry.terraform.io/hashicorp/aws\"]",
      "instances": [
        {
          "schema_version": 0,
          "attributes": {
            "arn": "arn:aws:ec2:us-east-1:594874118676:vpc/vpc-00819d4476e1a0f6a",
            "cidr_block": "172.31.0.0/16",
            "cidr_block_associations": [
              {
                "association_id": "vpc-cidr-assoc-0dfd177caa6d4f7c3",
                "cidr_block": "172.31.0.0/16",
                "state": "associated"
              }
            ],
            "default": true,
            "dhcp_options_id": "dopt-07d62a99ef62e0fc3",
            "enable_dns_hostnames": true,
            "enable_dns_support": true,
            "enable_network_address_usage_metrics": false,
            "filter": null,
            "id": "vpc-00819d4476e1a0f6a",
            "instance_tenancy": "default",
            "ipv6_association_id": "",
            "ipv6_cidr_block": "",
            "main_route_table_id": "rtb-0ff1f131fbe3da40f",
            "owner_id": "594874118676",
            "state": null,
            "tags": {},
            "timeouts": null
          },
          "sensitive_attributes": []
        }
      ]
    },
    {
      "mode": "managed",
      "type": "aws_instance",
      "name": "ec2",
      "provider": "provider[\"registry.terraform.io/hashicorp/aws\"]",
      "instances": [
        {
          "schema_version": 1,
          "attributes": {
            "ami": "ami-04823729c75214919",
            "arn": "arn:aws:ec2:us-east-1:594874118676:instance/i-089240a14841b47bf",
            "associate_public_ip_address": true,
            "availability_zone": "us-east-1a",
            "capacity_reservation_specification": [
              {
                "capacity_reservation_preference": "open",
                "capacity_reservation_target": []
              }
            ],
            "cpu_core_count": 1,
            "cpu_options": [
              {
                "amd_sev_snp": "",
                "core_count": 1,
                "threads_per_core": 1
              }
            ],
            "cpu_threads_per_core": 1,
            "credit_specification": [
              {
                "cpu_credits": "standard"
              }
            ],
            "disable_api_stop": false,
            "disable_api_termination": false,
            "ebs_block_device": [],
            "ebs_optimized": false,
            "enable_primary_ipv6": null,
            "enclave_options": [
              {
                "enabled": false
              }
            ],
            "ephemeral_block_device": [],
            "get_password_data": false,
            "hibernation": false,
            "host_id": "",
            "host_resource_group_arn": null,
            "iam_instance_profile": "",
            "id": "i-089240a14841b47bf",
            "instance_initiated_shutdown_behavior": "stop",
            "instance_lifecycle": "",
            "instance_market_options": [],
            "instance_state": "running",
            "instance_type": "t2.micro",
            "ipv6_address_count": 0,
            "ipv6_addresses": [],
            "key_name": "LabKey",
            "launch_template": [],
            "maintenance_options": [
              {
                "auto_recovery": "default"
              }
            ],
            "metadata_options": [
              {
                "http_endpoint": "enabled",
                "http_protocol_ipv6": "disabled",
                "http_put_response_hop_limit": 1,
                "http_tokens": "optional",
                "instance_metadata_tags": "disabled"
              }
            ],
            "monitoring": false,
            "network_interface": [],
            "outpost_arn": "",
            "password_data": "",
            "placement_group": "",
            "placement_partition_number": 0,
            "primary_network_interface_id": "eni-07b73d1b08685f492",
            "private_dns": "ip-172-31-93-105.ec2.internal",
            "private_dns_name_options": [
              {
                "enable_resource_name_dns_a_record": false,
                "enable_resource_name_dns_aaaa_record": false,
                "hostname_type": "ip-name"
              }
            ],
            "private_ip": "172.31.93.105",
            "public_dns": "ec2-44-211-47-237.compute-1.amazonaws.com",
            "public_ip": "44.211.47.237",
            "root_block_device": [
              {
                "delete_on_termination": true,
                "device_name": "/dev/xvda",
                "encrypted": false,
                "iops": 100,
                "kms_key_id": "",
                "tags": {},
                "tags_all": {},
                "throughput": 0,
                "volume_id": "vol-0a09d18c7f840e18c",
                "volume_size": 8,
                "volume_type": "gp2"
              }
            ],
            "secondary_private_ips": [],
            "security_groups": [
              "NLBserver-SG"
            ],
            "source_dest_check": true,
            "spot_instance_request_id": "",
            "subnet_id": "subnet-05a5abc8b14583d7e",
            "tags": {
              "Name": "NLBEC2server"
            },
            "tags_all": {
              "Name": "NLBEC2server"
            },
            "tenancy": "default",
            "timeouts": null,
            "user_data": "4e31e8fae5d3caef6dae58181ebbf142881573a9",
            "user_data_base64": null,
            "user_data_replace_on_change": false,
            "volume_tags": null,
            "vpc_security_group_ids": [
              "sg-077eb38eb826d2351"
            ]
          },
          "sensitive_attributes": [],
          "private": "eyJlMmJmYjczMC1lY2FhLTExZTYtOGY4OC0zNDM2M2JjN2M0YzAiOnsiY3JlYXRlIjo2MDAwMDAwMDAwMDAsImRlbGV0ZSI6MTIwMDAwMDAwMDAwMCwicmVhZCI6OTAwMDAwMDAwMDAwLCJ1cGRhdGUiOjYwMDAwMDAwMDAwMH0sInNjaGVtYV92ZXJzaW9uIjoiMSJ9",
          "dependencies": [
            "aws_key_pair.Lab_key",
            "aws_security_group.ec2_sg",
            "data.aws_subnet.subnet1",
            "data.aws_vpc.vpc",
            "tls_private_key.key"
          ]
        }
      ]
    },
    {
      "mode": "managed",
      "type": "aws_key_pair",
      "name": "Lab_key",
      "provider": "provider[\"registry.terraform.io/hashicorp/aws\"]",
      "instances": [
        {
          "schema_version": 1,
          "attributes": {
            "arn": "arn:aws:ec2:us-east-1:594874118676:key-pair/LabKey",
            "fingerprint": "73:a6:66:8c:98:94:2e:c2:b0:09:7d:c8:1f:ee:db:24",
            "id": "LabKey",
            "key_name": "LabKey",
            "key_name_prefix": "",
            "key_pair_id": "key-06851be9ae9e40496",
            "key_type": "rsa",
            "public_key": "ssh-rsa AAAAB3NzaC1yc2EAAAADAQABAAACAQCydw6EweMe8mWYy2iiGPjxx3hF9jC5RSEdn8tr1UaggQbjO4d5iEKN4RYvOj8vQTPXhkC+96b4tABQuoHRUWrX+Q7Hw+urhGzfAX4UF2WnDhxuSMzlIOsy2X39Z3Bk4b2Qu/FIsdgH9/N5khnGXSFAQR70PCggfxWkX1NyAQgJZz+JC2XtImEFCL/Tkt+I3694HvFAtuR2laaw55QKOELPY9oAphXrYrBYMtucJC+6xGFze6HgzAcJNGbV5/EV5xW4HtbK1Vl61aU91kPlK/zj1WqmKMUr70V1q/PiW1YfhlT773aQC3yKmlEbhOHeGoONJQ84EvgqFI2pcwR1ZzCnahVrLA0pNv4SlBZOw87NlshbdpKzYa4WTJYVG2KZhNGPRkgpljSNpOtTGZmTzl8J8OdCxn9zMVKIukcTyPooXAzcT9Hyb6nKF3h8fw+h/fUkOwHrG62SuI/OURkEEAnEkAW7pH0Lbssn3PXbvC14N046uckPEu207LAf3nF4qzzJ5RXhTL2H4bbavQxG8Qf+rJQwEwpDFM1tPZRPpr5iJ0ChE8Jeh3nHpne6e/C1RIuG1w6SOqA6kb5OBZQI9dKxeub+dch0c0MeX1pFhX+daXbzFpr+P3pc9Sa6gwUC2NAhEzo9gTmX1wuraIgZ3Mjk/xY4s2yO0lquXqKmwR/Qdw==",
            "tags": null,
            "tags_all": {}
          },
          "sensitive_attributes": [],
          "private": "eyJzY2hlbWFfdmVyc2lvbiI6IjEifQ==",
          "dependencies": [
            "tls_private_key.key"
          ]
        }
      ]
    },
    {
      "mode": "managed",
      "type": "aws_lb",
      "name": "loadbalancer",
      "provider": "provider[\"registry.terraform.io/hashicorp/aws\"]",
      "instances": [
        {
          "schema_version": 0,
          "attributes": {
            "access_logs": [
              {
                "bucket": "",
                "enabled": false,
                "prefix": ""
              }
            ],
            "arn": "arn:aws:elasticloadbalancing:us-east-1:594874118676:loadbalancer/net/MyNetwork-LB/559bcff7f5f7942a",
            "arn_suffix": "net/MyNetwork-LB/559bcff7f5f7942a",
            "client_keep_alive": null,
            "connection_logs": [],
            "customer_owned_ipv4_pool": "",
            "desync_mitigation_mode": null,
            "dns_name": "MyNetwork-LB-559bcff7f5f7942a.elb.us-east-1.amazonaws.com",
            "dns_record_client_routing_policy": "any_availability_zone",
            "drop_invalid_header_fields": null,
            "enable_cross_zone_load_balancing": false,
            "enable_deletion_protection": false,
            "enable_http2": null,
            "enable_tls_version_and_cipher_suite_headers": null,
            "enable_waf_fail_open": null,
            "enable_xff_client_port": null,
            "enable_zonal_shift": false,
            "enforce_security_group_inbound_rules_on_private_link_traffic": "",
            "id": "arn:aws:elasticloadbalancing:us-east-1:594874118676:loadbalancer/net/MyNetwork-LB/559bcff7f5f7942a",
            "idle_timeout": null,
            "internal": false,
            "ip_address_type": "ipv4",
            "load_balancer_type": "network",
            "name": "MyNetwork-LB",
            "name_prefix": "",
            "preserve_host_header": null,
            "security_groups": [
              "sg-077eb38eb826d2351"
            ],
            "subnet_mapping": [
              {
                "allocation_id": "",
                "ipv6_address": "",
                "outpost_id": "",
                "private_ipv4_address": "",
                "subnet_id": "subnet-05a5abc8b14583d7e"
              },
              {
                "allocation_id": "",
                "ipv6_address": "",
                "outpost_id": "",
                "private_ipv4_address": "",
                "subnet_id": "subnet-0a0b8d81452df7248"
              }
            ],
            "subnets": [
              "subnet-05a5abc8b14583d7e",
              "subnet-0a0b8d81452df7248"
            ],
            "tags": null,
            "tags_all": {},
            "timeouts": null,
            "vpc_id": "vpc-00819d4476e1a0f6a",
            "xff_header_processing_mode": null,
            "zone_id": "Z26RNL4JYFTOTI"
          },
          "sensitive_attributes": [],
          "private": "eyJlMmJmYjczMC1lY2FhLTExZTYtOGY4OC0zNDM2M2JjN2M0YzAiOnsiY3JlYXRlIjo2MDAwMDAwMDAwMDAsImRlbGV0ZSI6NjAwMDAwMDAwMDAwLCJ1cGRhdGUiOjYwMDAwMDAwMDAwMH19",
          "dependencies": [
            "aws_security_group.ec2_sg",
            "data.aws_subnet.subnet1",
            "data.aws_subnet.subnet2",
            "data.aws_vpc.vpc"
          ]
        }
      ]
    },
    {
      "mode": "managed",
      "type": "aws_lb_listener",
      "name": "listner1",
      "provider": "provider[\"registry.terraform.io/hashicorp/aws\"]",
      "instances": [
        {
          "schema_version": 0,
          "attributes": {
            "alpn_policy": null,
            "arn": "arn:aws:elasticloadbalancing:us-east-1:594874118676:listener/net/MyNetwork-LB/559bcff7f5f7942a/bfd36fe56f136f37",
            "certificate_arn": null,
            "default_action": [
              {
                "authenticate_cognito": [],
                "authenticate_oidc": [],
                "fixed_response": [],
                "forward": [],
                "order": 1,
                "redirect": [],
                "target_group_arn": "arn:aws:elasticloadbalancing:us-east-1:594874118676:targetgroup/Apache-TG/a8fa0e7611b385e1",
                "type": "forward"
              }
            ],
            "id": "arn:aws:elasticloadbalancing:us-east-1:594874118676:listener/net/MyNetwork-LB/559bcff7f5f7942a/bfd36fe56f136f37",
            "load_balancer_arn": "arn:aws:elasticloadbalancing:us-east-1:594874118676:loadbalancer/net/MyNetwork-LB/559bcff7f5f7942a",
            "mutual_authentication": [],
            "port": 80,
            "protocol": "TCP",
            "routing_http_request_x_amzn_mtls_clientcert_header_name": null,
            "routing_http_request_x_amzn_mtls_clientcert_issuer_header_name": null,
            "routing_http_request_x_amzn_mtls_clientcert_leaf_header_name": null,
            "routing_http_request_x_amzn_mtls_clientcert_serial_number_header_name": null,
            "routing_http_request_x_amzn_mtls_clientcert_subject_header_name": null,
            "routing_http_request_x_amzn_mtls_clientcert_validity_header_name": null,
            "routing_http_request_x_amzn_tls_cipher_suite_header_name": null,
            "routing_http_request_x_amzn_tls_version_header_name": null,
            "routing_http_response_access_control_allow_credentials_header_value": null,
            "routing_http_response_access_control_allow_headers_header_value": null,
            "routing_http_response_access_control_allow_methods_header_value": null,
            "routing_http_response_access_control_allow_origin_header_value": null,
            "routing_http_response_access_control_expose_headers_header_value": null,
            "routing_http_response_access_control_max_age_header_value": null,
            "routing_http_response_content_security_policy_header_value": null,
            "routing_http_response_server_enabled": null,
            "routing_http_response_strict_transport_security_header_value": null,
            "routing_http_response_x_content_type_options_header_value": null,
            "routing_http_response_x_frame_options_header_value": null,
            "ssl_policy": "",
            "tags": null,
            "tags_all": {},
            "tcp_idle_timeout_seconds": 350,
            "timeouts": null
          },
          "sensitive_attributes": [],
          "private": "eyJlMmJmYjczMC1lY2FhLTExZTYtOGY4OC0zNDM2M2JjN2M0YzAiOnsiY3JlYXRlIjozMDAwMDAwMDAwMDAsInVwZGF0ZSI6MzAwMDAwMDAwMDAwfX0=",
          "dependencies": [
            "aws_lb.loadbalancer",
            "aws_lb_target_group.apache_tg",
            "aws_security_group.ec2_sg",
            "data.aws_subnet.subnet1",
            "data.aws_subnet.subnet2",
            "data.aws_vpc.vpc"
          ]
        }
      ]
    },
    {
      "mode": "managed",
      "type": "aws_lb_listener",
      "name": "listner2",
      "provider": "provider[\"registry.terraform.io/hashicorp/aws\"]",
      "instances": [
        {
          "schema_version": 0,
          "attributes": {
            "alpn_policy": null,
            "arn": "arn:aws:elasticloadbalancing:us-east-1:594874118676:listener/net/MyNetwork-LB/559bcff7f5f7942a/bbaf59c2b448aea6",
            "certificate_arn": null,
            "default_action": [
              {
                "authenticate_cognito": [],
                "authenticate_oidc": [],
                "fixed_response": [],
                "forward": [],
                "order": 1,
                "redirect": [],
                "target_group_arn": "arn:aws:elasticloadbalancing:us-east-1:594874118676:targetgroup/Nginx-TG/0fc5290098b00012",
                "type": "forward"
              }
            ],
            "id": "arn:aws:elasticloadbalancing:us-east-1:594874118676:listener/net/MyNetwork-LB/559bcff7f5f7942a/bbaf59c2b448aea6",
            "load_balancer_arn": "arn:aws:elasticloadbalancing:us-east-1:594874118676:loadbalancer/net/MyNetwork-LB/559bcff7f5f7942a",
            "mutual_authentication": [],
            "port": 8080,
            "protocol": "TCP",
            "routing_http_request_x_amzn_mtls_clientcert_header_name": null,
            "routing_http_request_x_amzn_mtls_clientcert_issuer_header_name": null,
            "routing_http_request_x_amzn_mtls_clientcert_leaf_header_name": null,
            "routing_http_request_x_amzn_mtls_clientcert_serial_number_header_name": null,
            "routing_http_request_x_amzn_mtls_clientcert_subject_header_name": null,
            "routing_http_request_x_amzn_mtls_clientcert_validity_header_name": null,
            "routing_http_request_x_amzn_tls_cipher_suite_header_name": null,
            "routing_http_request_x_amzn_tls_version_header_name": null,
            "routing_http_response_access_control_allow_credentials_header_value": null,
            "routing_http_response_access_control_allow_headers_header_value": null,
            "routing_http_response_access_control_allow_methods_header_value": null,
            "routing_http_response_access_control_allow_origin_header_value": null,
            "routing_http_response_access_control_expose_headers_header_value": null,
            "routing_http_response_access_control_max_age_header_value": null,
            "routing_http_response_content_security_policy_header_value": null,
            "routing_http_response_server_enabled": null,
            "routing_http_response_strict_transport_security_header_value": null,
            "routing_http_response_x_content_type_options_header_value": null,
            "routing_http_response_x_frame_options_header_value": null,
            "ssl_policy": "",
            "tags": null,
            "tags_all": {},
            "tcp_idle_timeout_seconds": 350,
            "timeouts": null
          },
          "sensitive_attributes": [],
          "private": "eyJlMmJmYjczMC1lY2FhLTExZTYtOGY4OC0zNDM2M2JjN2M0YzAiOnsiY3JlYXRlIjozMDAwMDAwMDAwMDAsInVwZGF0ZSI6MzAwMDAwMDAwMDAwfX0=",
          "dependencies": [
            "aws_lb.loadbalancer",
            "aws_lb_target_group.nginx_tg",
            "aws_security_group.ec2_sg",
            "data.aws_subnet.subnet1",
            "data.aws_subnet.subnet2",
            "data.aws_vpc.vpc"
          ]
        }
      ]
    },
    {
      "mode": "managed",
      "type": "aws_lb_target_group",
      "name": "apache_tg",
      "provider": "provider[\"registry.terraform.io/hashicorp/aws\"]",
      "instances": [
        {
          "schema_version": 0,
          "attributes": {
            "arn": "arn:aws:elasticloadbalancing:us-east-1:594874118676:targetgroup/Apache-TG/a8fa0e7611b385e1",
            "arn_suffix": "targetgroup/Apache-TG/a8fa0e7611b385e1",
            "connection_termination": false,
            "deregistration_delay": "300",
            "health_check": [
              {
                "enabled": true,
                "healthy_threshold": 3,
                "interval": 30,
                "matcher": "200-399",
                "path": "/",
                "port": "80",
                "protocol": "HTTP",
                "timeout": 5,
                "unhealthy_threshold": 3
              }
            ],
            "id": "arn:aws:elasticloadbalancing:us-east-1:594874118676:targetgroup/Apache-TG/a8fa0e7611b385e1",
            "ip_address_type": "ipv4",
            "lambda_multi_value_headers_enabled": false,
            "load_balancer_arns": [],
            "load_balancing_algorithm_type": null,
            "load_balancing_anomaly_mitigation": null,
            "load_balancing_cross_zone_enabled": "use_load_balancer_configuration",
            "name": "Apache-TG",
            "name_prefix": "",
            "port": 80,
            "preserve_client_ip": "true",
            "protocol": "TCP",
            "protocol_version": null,
            "proxy_protocol_v2": false,
            "slow_start": 0,
            "stickiness": [
              {
                "cookie_duration": 0,
                "cookie_name": "",
                "enabled": false,
                "type": "source_ip"
              }
            ],
            "tags": null,
            "tags_all": {},
            "target_failover": [
              {
                "on_deregistration": null,
                "on_unhealthy": null
              }
            ],
            "target_group_health": [
              {
                "dns_failover": [
                  {
                    "minimum_healthy_targets_count": "1",
                    "minimum_healthy_targets_percentage": "off"
                  }
                ],
                "unhealthy_state_routing": [
                  {
                    "minimum_healthy_targets_count": 1,
                    "minimum_healthy_targets_percentage": "off"
                  }
                ]
              }
            ],
            "target_health_state": [
              {
                "enable_unhealthy_connection_termination": true,
                "unhealthy_draining_interval": 0
              }
            ],
            "target_type": "instance",
            "vpc_id": "vpc-00819d4476e1a0f6a"
          },
          "sensitive_attributes": [],
          "private": "bnVsbA==",
          "dependencies": [
            "data.aws_vpc.vpc"
          ]
        }
      ]
    },
    {
      "mode": "managed",
      "type": "aws_lb_target_group",
      "name": "nginx_tg",
      "provider": "provider[\"registry.terraform.io/hashicorp/aws\"]",
      "instances": [
        {
          "schema_version": 0,
          "attributes": {
            "arn": "arn:aws:elasticloadbalancing:us-east-1:594874118676:targetgroup/Nginx-TG/0fc5290098b00012",
            "arn_suffix": "targetgroup/Nginx-TG/0fc5290098b00012",
            "connection_termination": false,
            "deregistration_delay": "300",
            "health_check": [
              {
                "enabled": true,
                "healthy_threshold": 3,
                "interval": 30,
                "matcher": "200-399",
                "path": "/",
                "port": "8080",
                "protocol": "HTTP",
                "timeout": 5,
                "unhealthy_threshold": 3
              }
            ],
            "id": "arn:aws:elasticloadbalancing:us-east-1:594874118676:targetgroup/Nginx-TG/0fc5290098b00012",
            "ip_address_type": "ipv4",
            "lambda_multi_value_headers_enabled": false,
            "load_balancer_arns": [],
            "load_balancing_algorithm_type": null,
            "load_balancing_anomaly_mitigation": null,
            "load_balancing_cross_zone_enabled": "use_load_balancer_configuration",
            "name": "Nginx-TG",
            "name_prefix": "",
            "port": 8080,
            "preserve_client_ip": "true",
            "protocol": "TCP",
            "protocol_version": null,
            "proxy_protocol_v2": false,
            "slow_start": 0,
            "stickiness": [
              {
                "cookie_duration": 0,
                "cookie_name": "",
                "enabled": false,
                "type": "source_ip"
              }
            ],
            "tags": null,
            "tags_all": {},
            "target_failover": [
              {
                "on_deregistration": null,
                "on_unhealthy": null
              }
            ],
            "target_group_health": [
              {
                "dns_failover": [
                  {
                    "minimum_healthy_targets_count": "1",
                    "minimum_healthy_targets_percentage": "off"
                  }
                ],
                "unhealthy_state_routing": [
                  {
                    "minimum_healthy_targets_count": 1,
                    "minimum_healthy_targets_percentage": "off"
                  }
                ]
              }
            ],
            "target_health_state": [
              {
                "enable_unhealthy_connection_termination": true,
                "unhealthy_draining_interval": 0
              }
            ],
            "target_type": "instance",
            "vpc_id": "vpc-00819d4476e1a0f6a"
          },
          "sensitive_attributes": [],
          "private": "bnVsbA==",
          "dependencies": [
            "data.aws_vpc.vpc"
          ]
        }
      ]
    },
    {
      "mode": "managed",
      "type": "aws_lb_target_group_attachment",
      "name": "test1",
      "provider": "provider[\"registry.terraform.io/hashicorp/aws\"]",
      "instances": [
        {
          "schema_version": 0,
          "attributes": {
            "availability_zone": null,
            "id": "arn:aws:elasticloadbalancing:us-east-1:594874118676:targetgroup/Apache-TG/a8fa0e7611b385e1-20250126190141277600000003",
            "port": 80,
            "target_group_arn": "arn:aws:elasticloadbalancing:us-east-1:594874118676:targetgroup/Apache-TG/a8fa0e7611b385e1",
            "target_id": "i-089240a14841b47bf"
          },
          "sensitive_attributes": [],
          "private": "bnVsbA==",
          "dependencies": [
            "aws_instance.ec2",
            "aws_key_pair.Lab_key",
            "aws_lb_target_group.apache_tg",
            "aws_security_group.ec2_sg",
            "data.aws_subnet.subnet1",
            "data.aws_vpc.vpc",
            "tls_private_key.key"
          ]
        }
      ]
    },
    {
      "mode": "managed",
      "type": "aws_lb_target_group_attachment",
      "name": "test2",
      "provider": "provider[\"registry.terraform.io/hashicorp/aws\"]",
      "instances": [
        {
          "schema_version": 0,
          "attributes": {
            "availability_zone": null,
            "id": "arn:aws:elasticloadbalancing:us-east-1:594874118676:targetgroup/Nginx-TG/0fc5290098b00012-20250126190141023600000002",
            "port": 8080,
            "target_group_arn": "arn:aws:elasticloadbalancing:us-east-1:594874118676:targetgroup/Nginx-TG/0fc5290098b00012",
            "target_id": "i-089240a14841b47bf"
          },
          "sensitive_attributes": [],
          "private": "bnVsbA==",
          "dependencies": [
            "aws_instance.ec2",
            "aws_key_pair.Lab_key",
            "aws_lb_target_group.nginx_tg",
            "aws_security_group.ec2_sg",
            "data.aws_subnet.subnet1",
            "data.aws_vpc.vpc",
            "tls_private_key.key"
          ]
        }
      ]
    },
    {
      "mode": "managed",
      "type": "aws_security_group",
      "name": "ec2_sg",
      "provider": "provider[\"registry.terraform.io/hashicorp/aws\"]",
      "instances": [
        {
          "schema_version": 1,
          "attributes": {
            "arn": "arn:aws:ec2:us-east-1:594874118676:security-group/sg-077eb38eb826d2351",
            "description": "Security Group to allow traffic to EC2",
            "egress": [
              {
                "cidr_blocks": [
                  "0.0.0.0/0"
                ],
                "description": "",
                "from_port": 0,
                "ipv6_cidr_blocks": [],
                "prefix_list_ids": [],
                "protocol": "-1",
                "security_groups": [],
                "self": false,
                "to_port": 0
              }
            ],
            "id": "sg-077eb38eb826d2351",
            "ingress": [
              {
                "cidr_blocks": [
                  "0.0.0.0/0"
                ],
                "description": "",
                "from_port": 22,
                "ipv6_cidr_blocks": [],
                "prefix_list_ids": [],
                "protocol": "tcp",
                "security_groups": [],
                "self": false,
                "to_port": 22
              },
              {
                "cidr_blocks": [
                  "0.0.0.0/0"
                ],
                "description": "",
                "from_port": 8080,
                "ipv6_cidr_blocks": [],
                "prefix_list_ids": [],
                "protocol": "tcp",
                "security_groups": [],
                "self": false,
                "to_port": 8080
              },
              {
                "cidr_blocks": [
                  "0.0.0.0/0"
                ],
                "description": "",
                "from_port": 80,
                "ipv6_cidr_blocks": [],
                "prefix_list_ids": [],
                "protocol": "tcp",
                "security_groups": [],
                "self": false,
                "to_port": 80
              }
            ],
            "name": "NLBserver-SG",
            "name_prefix": "",
            "owner_id": "594874118676",
            "revoke_rules_on_delete": false,
            "tags": null,
            "tags_all": {},
            "timeouts": null,
            "vpc_id": "vpc-00819d4476e1a0f6a"
          },
          "sensitive_attributes": [],
          "private": "eyJlMmJmYjczMC1lY2FhLTExZTYtOGY4OC0zNDM2M2JjN2M0YzAiOnsiY3JlYXRlIjo2MDAwMDAwMDAwMDAsImRlbGV0ZSI6OTAwMDAwMDAwMDAwfSwic2NoZW1hX3ZlcnNpb24iOiIxIn0=",
          "dependencies": [
            "data.aws_vpc.vpc"
          ]
        }
      ]
    },
    {
      "mode": "managed",
      "type": "tls_private_key",
      "name": "key",
      "provider": "provider[\"registry.terraform.io/hashicorp/tls\"]",
      "instances": [
        {
          "schema_version": 1,
          "attributes": {
            "algorithm": "RSA",
            "ecdsa_curve": "P224",
            "id": "bec6ab85277d026792e5cc3b557ab9a2bd54c7bd",
            "private_key_openssh": "-----BEGIN OPENSSH PRIVATE KEY-----\nb3BlbnNzaC1rZXktdjEAAAAABG5vbmUAAAAEbm9uZQAAAAAAAAABAAACFwAAAAdz\nc2gtcnNhAAAAAwEAAQAAAgEAsncOhMHjHvJlmMtoohj48cd4RfYwuUUhHZ/La9VG\noIEG4zuHeYhCjeEWLzo/L0Ez14ZAvvem+LQAULqB0VFq1/kOx8Prq4Rs3wF+FBdl\npw4cbkjM5SDrMtl9/WdwZOG9kLvxSLHYB/fzeZIZxl0hQEEe9DwoIH8VpF9TcgEI\nCWc/iQtl7SJhBQi/05LfiN+veB7xQLbkdpWmsOeUCjhCz2PaAKYV62KwWDLbnCQv\nusRhc3uh4MwHCTRm1efxFecVuB7WytVZetWlPdZD5Sv849VqpijFK+9Fdavz4ltW\nH4ZU++92kAt8ippRG4Th3hqDjSUPOBL4KhSNqXMEdWcwp2oVaywNKTb+EpQWTsPO\nzZbIW3aSs2GuFkyWFRtimYTRj0ZIKZY0jaTrUxmZk85fCfDnQsZ/czFSiLpHE8j6\nKFwM3E/R8m+pyhd4fH8Pof31JDsB6xutkriPzlEZBBAJxJAFu6R9C27LJ9z127wt\neDdOOrnJDxLttOywH95xeKs8yeUV4Uy9h+G22r0MRvEH/qyUMBMKQxTNbT2UT6a+\nYidAoRPCXod5x6Z3unvwtUSLhtcOkjqgOpG+TgWUCPXSsXrm/nXIdHNDHl9aRYV/\nnWl28xaa/j96XPUmuoMFAtjQIRM6PYE5l9cLq2iIGdzI5P8WOLNsjtJarl6ipsEf\n0HcAAAc43omLA96JiwMAAAAHc3NoLXJzYQAAAgEAsncOhMHjHvJlmMtoohj48cd4\nRfYwuUUhHZ/La9VGoIEG4zuHeYhCjeEWLzo/L0Ez14ZAvvem+LQAULqB0VFq1/kO\nx8Prq4Rs3wF+FBdlpw4cbkjM5SDrMtl9/WdwZOG9kLvxSLHYB/fzeZIZxl0hQEEe\n9DwoIH8VpF9TcgEICWc/iQtl7SJhBQi/05LfiN+veB7xQLbkdpWmsOeUCjhCz2Pa\nAKYV62KwWDLbnCQvusRhc3uh4MwHCTRm1efxFecVuB7WytVZetWlPdZD5Sv849Vq\npijFK+9Fdavz4ltWH4ZU++92kAt8ippRG4Th3hqDjSUPOBL4KhSNqXMEdWcwp2oV\naywNKTb+EpQWTsPOzZbIW3aSs2GuFkyWFRtimYTRj0ZIKZY0jaTrUxmZk85fCfDn\nQsZ/czFSiLpHE8j6KFwM3E/R8m+pyhd4fH8Pof31JDsB6xutkriPzlEZBBAJxJAF\nu6R9C27LJ9z127wteDdOOrnJDxLttOywH95xeKs8yeUV4Uy9h+G22r0MRvEH/qyU\nMBMKQxTNbT2UT6a+YidAoRPCXod5x6Z3unvwtUSLhtcOkjqgOpG+TgWUCPXSsXrm\n/nXIdHNDHl9aRYV/nWl28xaa/j96XPUmuoMFAtjQIRM6PYE5l9cLq2iIGdzI5P8W\nOLNsjtJarl6ipsEf0HcAAAADAQABAAACADsLnvcXewB7LFgAPI8c+ghseYOUL4ys\nrYcynkgAGUzzQ4cc4/a2uWZdqUxY1hzZUsCk/3jvUQQJ8ezDuD271UC9e0Fmteta\ndfbWdJNLJmu+BHQMjBXm7Uo2oTOc7JfEBEcFl4/4n0QLqjd3uiViHKU4pngiCxit\nU0i97UrTwofx7Bh4d/GcJUNYILdsaZ7Mey6f9iv2FuKRIsR26gjzkk8xdygtyyTE\n0xlrQjOH2W7OmHtv1SAeANnvx3JQOfiIKyxur5wOOHumgfRSlsYU5qeurYlqBcpC\ncNW83YTvuS/W7vknwi9oTX1CD0Gullg4p3ukXkOsKwUpJbGBh2EckgDUa+polnDS\nV0VPXAe27ZG85U/M3JG748Lvq/1lgrgQoSHJOyYtfJK45+mXBCqNKhpNV0zYawbY\nNsy4EgcjsmCrByWPa6a8WuYp3doo1fPUorBYdbM92f+yJalt3uEOLk0EBQD4uiO7\nEfN1Pou2ISXM5wbGUVLQtKgbUJ35B5rdEL+m7BeC1R19CRPX1uddJezA4m4/YaQI\n2rhPPYu9jXU2DbpH7iDWtPgliLlhNMMokPa7oUWHBpbji+3M+Wy2emhI+lnR6xs+\nfXA3/lq/TnfTtlyGRJE6HxdDjILSU6tHL69mank9khvufb8Vrkcv7EwKXZAtaBhk\nC95t/6eenW9hAAABAQDCIE0Y8OScjPa8UBdw8BzgJS6SIwxU386ziPYHMgMfZWhx\nYdTjcZ0eG/9PoOl54aiBvNvyGGKOih6nwLFDQf8QFCCsF6IUQ4ZXoXt6v3PV1vR2\nc++7RSjhJK0hQHfe74iTc/bkyiykIdcaTIbzDDd6jJb0cY3G+rDG0WatLcCMVRqM\nD+giEr8KOYw6CRU2a/6RBePkL2gg8YEwcHwHz/8vXCh0/sVsbariXcjy/iEVCmXC\nue6uJYc1O1iKwX4n/Z/wYVhfxQMIHOXoHiz95IYebJg9ni+NhprvRob+/F46X9ng\nlrTJr9PNQql0MQ97RJ24WSCXv9Ba7QCTZp1Wth2nAAABAQDXlxDS5I4PBX9eg3cx\nbzqynf5m2LTRMxW9oT7eOnwO/5iRhYbRjHLew6eW19RVwMjXAsNl5Mj9aiqZf9SQ\n1M6625EDJFrwBrlilKKAM7MVUqQl8TAEQ5RXgTdAHPCIqofuLoxJzlktE5VGAHkg\n2fpr3a+UtWSG8mtocGHvNlORUnzv1XAXczeKOaHlVahqyXmgGiRVMFA6lqSDAaFU\n6C+rGB5uWcDB+slSsTj/oW1g+WUZlMJC9nMyw1k8mnXx3Eo1ADp4Py6CXff1Iqy9\n4sXegyHoIOAf0toDQVbzgO+ttIdZxgxqEZFCjQgRLSWSuq7ZASL80tLNlY/lGWd6\nezsnAAABAQDT6pK66AIKWPGVNsMutiGOKp1zsxGaUjyHvlZbYUNzCxciXFPqv1BM\nimneGDxMFpSaaS04KBp6xj9rwKIB5pssqix9XZPQnDMXAHJQjwSXHd3S8tEUluYp\njOyrO5WQkKgOPFTLt2RtBurydXBXbb/1J2sA5o1TTg2HNzbZT7aMmKBvCeQiJQNr\ntPxJxFkH40fGfFi428kZTIeaza2cMQ0HXoVjp0y1yK3xWKXBhIMPJal+8tnAYkSW\nx6clkgwCbR7S7CDMR8rjA7JmOEXX2xiSHeF9nWO9BOt72H3qIv6sjfaFrxYoyoYz\neQj0YJNhGJcAV3pjNUaE0e9tbvhvEVIxAAAAAAEC\n-----END OPENSSH PRIVATE KEY-----\n",
            "private_key_pem": "-----BEGIN RSA PRIVATE KEY-----\nMIIJKQIBAAKCAgEAsncOhMHjHvJlmMtoohj48cd4RfYwuUUhHZ/La9VGoIEG4zuH\neYhCjeEWLzo/L0Ez14ZAvvem+LQAULqB0VFq1/kOx8Prq4Rs3wF+FBdlpw4cbkjM\n5SDrMtl9/WdwZOG9kLvxSLHYB/fzeZIZxl0hQEEe9DwoIH8VpF9TcgEICWc/iQtl\n7SJhBQi/05LfiN+veB7xQLbkdpWmsOeUCjhCz2PaAKYV62KwWDLbnCQvusRhc3uh\n4MwHCTRm1efxFecVuB7WytVZetWlPdZD5Sv849VqpijFK+9Fdavz4ltWH4ZU++92\nkAt8ippRG4Th3hqDjSUPOBL4KhSNqXMEdWcwp2oVaywNKTb+EpQWTsPOzZbIW3aS\ns2GuFkyWFRtimYTRj0ZIKZY0jaTrUxmZk85fCfDnQsZ/czFSiLpHE8j6KFwM3E/R\n8m+pyhd4fH8Pof31JDsB6xutkriPzlEZBBAJxJAFu6R9C27LJ9z127wteDdOOrnJ\nDxLttOywH95xeKs8yeUV4Uy9h+G22r0MRvEH/qyUMBMKQxTNbT2UT6a+YidAoRPC\nXod5x6Z3unvwtUSLhtcOkjqgOpG+TgWUCPXSsXrm/nXIdHNDHl9aRYV/nWl28xaa\n/j96XPUmuoMFAtjQIRM6PYE5l9cLq2iIGdzI5P8WOLNsjtJarl6ipsEf0HcCAwEA\nAQKCAgA7C573F3sAeyxYADyPHPoIbHmDlC+MrK2HMp5IABlM80OHHOP2trlmXalM\nWNYc2VLApP9471EECfHsw7g9u9VAvXtBZrXrWnX21nSTSyZrvgR0DIwV5u1KNqEz\nnOyXxARHBZeP+J9EC6o3d7olYhylOKZ4IgsYrVNIve1K08KH8ewYeHfxnCVDWCC3\nbGmezHsun/Yr9hbikSLEduoI85JPMXcoLcskxNMZa0Izh9luzph7b9UgHgDZ78dy\nUDn4iCssbq+cDjh7poH0UpbGFOanrq2JagXKQnDVvN2E77kv1u75J8IvaE19Qg9B\nrpZYOKd7pF5DrCsFKSWxgYdhHJIA1GvqaJZw0ldFT1wHtu2RvOVPzNyRu+PC76v9\nZYK4EKEhyTsmLXySuOfplwQqjSoaTVdM2GsG2DbMuBIHI7Jgqwclj2umvFrmKd3a\nKNXz1KKwWHWzPdn/siWpbd7hDi5NBAUA+LojuxHzdT6LtiElzOcGxlFS0LSoG1Cd\n+Qea3RC/puwXgtUdfQkT19bnXSXswOJuP2GkCNq4Tz2LvY11Ng26R+4g1rT4JYi5\nYTTDKJD2u6FFhwaW44vtzPlstnpoSPpZ0esbPn1wN/5av05307ZchkSROh8XQ4yC\n0lOrRy+vZmp5PZIb7n2/Fa5HL+xMCl2QLWgYZAvebf+nnp1vYQKCAQEA15cQ0uSO\nDwV/XoN3MW86sp3+Zti00TMVvaE+3jp8Dv+YkYWG0Yxy3sOnltfUVcDI1wLDZeTI\n/WoqmX/UkNTOutuRAyRa8Aa5YpSigDOzFVKkJfEwBEOUV4E3QBzwiKqH7i6MSc5Z\nLROVRgB5INn6a92vlLVkhvJraHBh7zZTkVJ879VwF3M3ijmh5VWoasl5oBokVTBQ\nOpakgwGhVOgvqxgeblnAwfrJUrE4/6FtYPllGZTCQvZzMsNZPJp18dxKNQA6eD8u\ngl339SKsveLF3oMh6CDgH9LaA0FW84DvrbSHWcYMahGRQo0IES0lkrqu2QEi/NLS\nzZWP5Rlnens7JwKCAQEA0+qSuugCCljxlTbDLrYhjiqdc7MRmlI8h75WW2FDcwsX\nIlxT6r9QTIpp3hg8TBaUmmktOCgaesY/a8CiAeabLKosfV2T0JwzFwByUI8Elx3d\n0vLRFJbmKYzsqzuVkJCoDjxUy7dkbQbq8nVwV22/9SdrAOaNU04Nhzc22U+2jJig\nbwnkIiUDa7T8ScRZB+NHxnxYuNvJGUyHms2tnDENB16FY6dMtcit8VilwYSDDyWp\nfvLZwGJElsenJZIMAm0e0uwgzEfK4wOyZjhF19sYkh3hfZ1jvQTre9h96iL+rI32\nha8WKMqGM3kI9GCTYRiXAFd6YzVGhNHvbW74bxFSMQKCAQALVSiQPW1uQra4TCbW\n1Wb7fqyh0WBn4syQxEoeumpNC4iElcVJfJ2JMjW8CyphO5oTG1UUJRufnpYQrZSJ\n7HXVgrczuBSDq4bRNMj5/j26sDZqvCvu/XJtyyARYbQPKw+sKIw9UPiFExN0s4+q\nd2rfgq65HXPkWBfnTIkJXwyzheeFX+3dfbP8sxzchk0tF9wp21XvmHOPMN4C+PH3\nGaFv1/u5h0RHrhwpGaHKZjzurQ1wc85mYLgbggNN2Ty78v1/nbx1F7UlKzVekG0O\nKj6GfNQqdJfzdEz7gNLGSA/RTL0UrgF3DedZ3ToAVSQ1e1S3mYSyT46/Oc5vl49F\n8/ZfAoIBAQCJtbm8M+B/kOUMrhWQWVLc69x9vzQFMMOdApdjsoT+UYqrDYyK09/+\nnUPGy8EDQPk4jniQMZ9jgUjdYMTmr1DPaZaXsSPJQHgCzot6xjWZbhMkbh5oXtca\n0TVK4OGEnDxZY+NGrtpX71LmVGK4rd08Fm12nFvicqpf4AWImkBqhRRck/ToK11Z\ntLbtyOaCNbQCy/NrzYeVJSJJ+raC9W0eCNJtu94hk1NVruGoK9BvG25VzMKsPi+M\nPBnmVE3xla+eKUv29ABoHZLk0lSwvPPun/RUiN6zimrsg/bvG+abg3Vb0jd4MoOb\nF2A2Tjv3sN8PnckuhwRYc4Q/fQl8Q6lBAoIBAQDCIE0Y8OScjPa8UBdw8BzgJS6S\nIwxU386ziPYHMgMfZWhxYdTjcZ0eG/9PoOl54aiBvNvyGGKOih6nwLFDQf8QFCCs\nF6IUQ4ZXoXt6v3PV1vR2c++7RSjhJK0hQHfe74iTc/bkyiykIdcaTIbzDDd6jJb0\ncY3G+rDG0WatLcCMVRqMD+giEr8KOYw6CRU2a/6RBePkL2gg8YEwcHwHz/8vXCh0\n/sVsbariXcjy/iEVCmXCue6uJYc1O1iKwX4n/Z/wYVhfxQMIHOXoHiz95IYebJg9\nni+NhprvRob+/F46X9nglrTJr9PNQql0MQ97RJ24WSCXv9Ba7QCTZp1Wth2n\n-----END RSA PRIVATE KEY-----\n",
            "private_key_pem_pkcs8": "-----BEGIN PRIVATE KEY-----\nMIIJQwIBADANBgkqhkiG9w0BAQEFAASCCS0wggkpAgEAAoICAQCydw6EweMe8mWY\ny2iiGPjxx3hF9jC5RSEdn8tr1UaggQbjO4d5iEKN4RYvOj8vQTPXhkC+96b4tABQ\nuoHRUWrX+Q7Hw+urhGzfAX4UF2WnDhxuSMzlIOsy2X39Z3Bk4b2Qu/FIsdgH9/N5\nkhnGXSFAQR70PCggfxWkX1NyAQgJZz+JC2XtImEFCL/Tkt+I3694HvFAtuR2laaw\n55QKOELPY9oAphXrYrBYMtucJC+6xGFze6HgzAcJNGbV5/EV5xW4HtbK1Vl61aU9\n1kPlK/zj1WqmKMUr70V1q/PiW1YfhlT773aQC3yKmlEbhOHeGoONJQ84EvgqFI2p\ncwR1ZzCnahVrLA0pNv4SlBZOw87NlshbdpKzYa4WTJYVG2KZhNGPRkgpljSNpOtT\nGZmTzl8J8OdCxn9zMVKIukcTyPooXAzcT9Hyb6nKF3h8fw+h/fUkOwHrG62SuI/O\nURkEEAnEkAW7pH0Lbssn3PXbvC14N046uckPEu207LAf3nF4qzzJ5RXhTL2H4bba\nvQxG8Qf+rJQwEwpDFM1tPZRPpr5iJ0ChE8Jeh3nHpne6e/C1RIuG1w6SOqA6kb5O\nBZQI9dKxeub+dch0c0MeX1pFhX+daXbzFpr+P3pc9Sa6gwUC2NAhEzo9gTmX1wur\naIgZ3Mjk/xY4s2yO0lquXqKmwR/QdwIDAQABAoICADsLnvcXewB7LFgAPI8c+ghs\neYOUL4ysrYcynkgAGUzzQ4cc4/a2uWZdqUxY1hzZUsCk/3jvUQQJ8ezDuD271UC9\ne0FmtetadfbWdJNLJmu+BHQMjBXm7Uo2oTOc7JfEBEcFl4/4n0QLqjd3uiViHKU4\npngiCxitU0i97UrTwofx7Bh4d/GcJUNYILdsaZ7Mey6f9iv2FuKRIsR26gjzkk8x\ndygtyyTE0xlrQjOH2W7OmHtv1SAeANnvx3JQOfiIKyxur5wOOHumgfRSlsYU5qeu\nrYlqBcpCcNW83YTvuS/W7vknwi9oTX1CD0Gullg4p3ukXkOsKwUpJbGBh2EckgDU\na+polnDSV0VPXAe27ZG85U/M3JG748Lvq/1lgrgQoSHJOyYtfJK45+mXBCqNKhpN\nV0zYawbYNsy4EgcjsmCrByWPa6a8WuYp3doo1fPUorBYdbM92f+yJalt3uEOLk0E\nBQD4uiO7EfN1Pou2ISXM5wbGUVLQtKgbUJ35B5rdEL+m7BeC1R19CRPX1uddJezA\n4m4/YaQI2rhPPYu9jXU2DbpH7iDWtPgliLlhNMMokPa7oUWHBpbji+3M+Wy2emhI\n+lnR6xs+fXA3/lq/TnfTtlyGRJE6HxdDjILSU6tHL69mank9khvufb8Vrkcv7EwK\nXZAtaBhkC95t/6eenW9hAoIBAQDXlxDS5I4PBX9eg3cxbzqynf5m2LTRMxW9oT7e\nOnwO/5iRhYbRjHLew6eW19RVwMjXAsNl5Mj9aiqZf9SQ1M6625EDJFrwBrlilKKA\nM7MVUqQl8TAEQ5RXgTdAHPCIqofuLoxJzlktE5VGAHkg2fpr3a+UtWSG8mtocGHv\nNlORUnzv1XAXczeKOaHlVahqyXmgGiRVMFA6lqSDAaFU6C+rGB5uWcDB+slSsTj/\noW1g+WUZlMJC9nMyw1k8mnXx3Eo1ADp4Py6CXff1Iqy94sXegyHoIOAf0toDQVbz\ngO+ttIdZxgxqEZFCjQgRLSWSuq7ZASL80tLNlY/lGWd6ezsnAoIBAQDT6pK66AIK\nWPGVNsMutiGOKp1zsxGaUjyHvlZbYUNzCxciXFPqv1BMimneGDxMFpSaaS04KBp6\nxj9rwKIB5pssqix9XZPQnDMXAHJQjwSXHd3S8tEUluYpjOyrO5WQkKgOPFTLt2Rt\nBurydXBXbb/1J2sA5o1TTg2HNzbZT7aMmKBvCeQiJQNrtPxJxFkH40fGfFi428kZ\nTIeaza2cMQ0HXoVjp0y1yK3xWKXBhIMPJal+8tnAYkSWx6clkgwCbR7S7CDMR8rj\nA7JmOEXX2xiSHeF9nWO9BOt72H3qIv6sjfaFrxYoyoYzeQj0YJNhGJcAV3pjNUaE\n0e9tbvhvEVIxAoIBAAtVKJA9bW5CtrhMJtbVZvt+rKHRYGfizJDESh66ak0LiISV\nxUl8nYkyNbwLKmE7mhMbVRQlG5+elhCtlInsddWCtzO4FIOrhtE0yPn+PbqwNmq8\nK+79cm3LIBFhtA8rD6wojD1Q+IUTE3Szj6p3at+Crrkdc+RYF+dMiQlfDLOF54Vf\n7d19s/yzHNyGTS0X3CnbVe+Yc48w3gL48fcZoW/X+7mHREeuHCkZocpmPO6tDXBz\nzmZguBuCA03ZPLvy/X+dvHUXtSUrNV6QbQ4qPoZ81Cp0l/N0TPuA0sZID9FMvRSu\nAXcN51ndOgBVJDV7VLeZhLJPjr85zm+Xj0Xz9l8CggEBAIm1ubwz4H+Q5QyuFZBZ\nUtzr3H2/NAUww50Cl2OyhP5RiqsNjIrT3/6dQ8bLwQNA+TiOeJAxn2OBSN1gxOav\nUM9plpexI8lAeALOi3rGNZluEyRuHmhe1xrRNUrg4YScPFlj40au2lfvUuZUYrit\n3TwWbXacW+Jyql/gBYiaQGqFFFyT9OgrXVm0tu3I5oI1tALL82vNh5UlIkn6toL1\nbR4I0m273iGTU1Wu4agr0G8bblXMwqw+L4w8GeZUTfGVr54pS/b0AGgdkuTSVLC8\n8+6f9FSI3rOKauyD9u8b5puDdVvSN3gyg5sXYDZOO/ew3w+dyS6HBFhzhD99CXxD\nqUECggEBAMIgTRjw5JyM9rxQF3DwHOAlLpIjDFTfzrOI9gcyAx9laHFh1ONxnR4b\n/0+g6XnhqIG82/IYYo6KHqfAsUNB/xAUIKwXohRDhlehe3q/c9XW9HZz77tFKOEk\nrSFAd97viJNz9uTKLKQh1xpMhvMMN3qMlvRxjcb6sMbRZq0twIxVGowP6CISvwo5\njDoJFTZr/pEF4+QvaCDxgTBwfAfP/y9cKHT+xWxtquJdyPL+IRUKZcK57q4lhzU7\nWIrBfif9n/BhWF/FAwgc5egeLP3khh5smD2eL42Gmu9Ghv78Xjpf2eCWtMmv081C\nqXQxD3tEnbhZIJe/0FrtAJNmnVa2Hac=\n-----END PRIVATE KEY-----\n",
            "public_key_fingerprint_md5": "ab:71:e1:20:af:00:07:a2:7a:9b:e0:00:58:f1:dd:52",
            "public_key_fingerprint_sha256": "SHA256:VzQvm29L6pliLGaO0W664Pdkv6fI32Bxsrmu06Zte3o",
            "public_key_openssh": "ssh-rsa AAAAB3NzaC1yc2EAAAADAQABAAACAQCydw6EweMe8mWYy2iiGPjxx3hF9jC5RSEdn8tr1UaggQbjO4d5iEKN4RYvOj8vQTPXhkC+96b4tABQuoHRUWrX+Q7Hw+urhGzfAX4UF2WnDhxuSMzlIOsy2X39Z3Bk4b2Qu/FIsdgH9/N5khnGXSFAQR70PCggfxWkX1NyAQgJZz+JC2XtImEFCL/Tkt+I3694HvFAtuR2laaw55QKOELPY9oAphXrYrBYMtucJC+6xGFze6HgzAcJNGbV5/EV5xW4HtbK1Vl61aU91kPlK/zj1WqmKMUr70V1q/PiW1YfhlT773aQC3yKmlEbhOHeGoONJQ84EvgqFI2pcwR1ZzCnahVrLA0pNv4SlBZOw87NlshbdpKzYa4WTJYVG2KZhNGPRkgpljSNpOtTGZmTzl8J8OdCxn9zMVKIukcTyPooXAzcT9Hyb6nKF3h8fw+h/fUkOwHrG62SuI/OURkEEAnEkAW7pH0Lbssn3PXbvC14N046uckPEu207LAf3nF4qzzJ5RXhTL2H4bbavQxG8Qf+rJQwEwpDFM1tPZRPpr5iJ0ChE8Jeh3nHpne6e/C1RIuG1w6SOqA6kb5OBZQI9dKxeub+dch0c0MeX1pFhX+daXbzFpr+P3pc9Sa6gwUC2NAhEzo9gTmX1wuraIgZ3Mjk/xY4s2yO0lquXqKmwR/Qdw==\n",
            "public_key_pem": "-----BEGIN PUBLIC KEY-----\nMIICIjANBgkqhkiG9w0BAQEFAAOCAg8AMIICCgKCAgEAsncOhMHjHvJlmMtoohj4\n8cd4RfYwuUUhHZ/La9VGoIEG4zuHeYhCjeEWLzo/L0Ez14ZAvvem+LQAULqB0VFq\n1/kOx8Prq4Rs3wF+FBdlpw4cbkjM5SDrMtl9/WdwZOG9kLvxSLHYB/fzeZIZxl0h\nQEEe9DwoIH8VpF9TcgEICWc/iQtl7SJhBQi/05LfiN+veB7xQLbkdpWmsOeUCjhC\nz2PaAKYV62KwWDLbnCQvusRhc3uh4MwHCTRm1efxFecVuB7WytVZetWlPdZD5Sv8\n49VqpijFK+9Fdavz4ltWH4ZU++92kAt8ippRG4Th3hqDjSUPOBL4KhSNqXMEdWcw\np2oVaywNKTb+EpQWTsPOzZbIW3aSs2GuFkyWFRtimYTRj0ZIKZY0jaTrUxmZk85f\nCfDnQsZ/czFSiLpHE8j6KFwM3E/R8m+pyhd4fH8Pof31JDsB6xutkriPzlEZBBAJ\nxJAFu6R9C27LJ9z127wteDdOOrnJDxLttOywH95xeKs8yeUV4Uy9h+G22r0MRvEH\n/qyUMBMKQxTNbT2UT6a+YidAoRPCXod5x6Z3unvwtUSLhtcOkjqgOpG+TgWUCPXS\nsXrm/nXIdHNDHl9aRYV/nWl28xaa/j96XPUmuoMFAtjQIRM6PYE5l9cLq2iIGdzI\n5P8WOLNsjtJarl6ipsEf0HcCAwEAAQ==\n-----END PUBLIC KEY-----\n",
            "rsa_bits": 4096
          },
          "sensitive_attributes": [
            [
              {
                "type": "get_attr",
                "value": "private_key_pem"
              }
            ],
            [
              {
                "type": "get_attr",
                "value": "private_key_pem_pkcs8"
              }
            ],
            [
              {
                "type": "get_attr",
                "value": "private_key_openssh"
              }
            ]
          ]
        }
      ]
    }
  ],
  "check_results": null
}
