{
  "version": 4,
  "terraform_version": "1.10.0",
  "serial": 1,
  "lineage": "eec8d802-bf9d-a1e9-43b5-8e82d436b15c",
  "outputs": {},
  "resources": [
    {
      "mode": "managed",
      "type": "aws_lambda_function",
      "name": "lambda",
      "provider": "provider[\"registry.terraform.io/hashicorp/aws\"]",
      "instances": [
        {
          "schema_version": 0,
          "attributes": {
            "architectures": [
              "x86_64"
            ],
            "arn": "arn:aws:lambda:us-east-1:801475100860:function:myEC2LambdaFunction",
            "code_sha256": "mj+gLhCX61jI+lM1GdUQ7nz6sW6TtcL2bQkyrfmtuqM=",
            "code_signing_config_arn": "",
            "dead_letter_config": [],
            "description": "",
            "environment": [],
            "ephemeral_storage": [
              {
                "size": 512
              }
            ],
            "file_system_config": [],
            "filename": "lambda_function.zip",
            "function_name": "myEC2LambdaFunction",
            "handler": "lambda_function.lambda_handler",
            "id": "myEC2LambdaFunction",
            "image_config": [],
            "image_uri": "",
            "invoke_arn": "arn:aws:apigateway:us-east-1:lambda:path/2015-03-31/functions/arn:aws:lambda:us-east-1:801475100860:function:myEC2LambdaFunction/invocations",
            "kms_key_arn": "",
            "last_modified": "2025-01-25T18:27:37.999+0000",
            "layers": null,
            "logging_config": [
              {
                "application_log_level": "",
                "log_format": "Text",
                "log_group": "/aws/lambda/myEC2LambdaFunction",
                "system_log_level": ""
              }
            ],
            "memory_size": 128,
            "package_type": "Zip",
            "publish": false,
            "qualified_arn": "arn:aws:lambda:us-east-1:801475100860:function:myEC2LambdaFunction:$LATEST",
            "qualified_invoke_arn": "arn:aws:apigateway:us-east-1:lambda:path/2015-03-31/functions/arn:aws:lambda:us-east-1:801475100860:function:myEC2LambdaFunction:$LATEST/invocations",
            "replace_security_groups_on_destroy": null,
            "replacement_security_group_ids": null,
            "reserved_concurrent_executions": -1,
            "role": "arn:aws:iam::801475100860:role/myrole-243690.58521719",
            "runtime": "python3.8",
            "s3_bucket": null,
            "s3_key": null,
            "s3_object_version": null,
            "signing_job_arn": "",
            "signing_profile_version_arn": "",
            "skip_destroy": false,
            "snap_start": [],
            "source_code_hash": "UEsDBBQACAAIAMZaJlYAAAAAAAAAAPcEAAASACAAbGFtYmRhX2Z1bmN0aW9uLnB5VVQNAAcMt7djKsK3YynCt2N1eAsAAQT1AQAABBQAAADNVMuK2zAU3Rv8DxfPQja4xpOhaSfglZuW0AelDO0iGKNYNxMVWzKSPCQd5t8rv2rPQEuy693dxzk+9yHzqpbKwE8thevw3tlJI2/+eIZX6Dp7JasuUUiFER4LrA2XQsNQlZYchVkrJZXruA7DPZS02jGaH6hgJSofH2xBCIUUBo8mWLkOWLuCr0o+cG25wBZaUCOKA5gDwjpdABfaUFFgX4zFIi+6D0HSq4x61yc2RYK+yqjTQN6aQl1bnWgREzxSjchHbu1vKnqPG5YQWvFX8W55i3S53O/f3Nxe49uYhBPbObYZeO9ONSbELKKKF0peyvKZi1Q2wiTXlwLpcQAGE/AKPqDppjp2DZxN6TGYc2bnNI5sS8ZWNMm2cTb5G0ayds0T/R297+gtVjZqXFhr7dSNzT6bf6GQGmzj2v82QHSynenIwpbTxh7JRzyRFflCKyQhkO+0bND6Pw78V/6pv7H39mjacyRPWXDOjObaa8XtAf2t5xC89g7HIKSdcOYF8wszjRLw+HxNxAJMo1PJrFhYxPGLNZKdZLat7uVFrKlq7Xu6Kex39Zz8aZTaP7n5OwOqAVcvG/HeoaG8RAbYFq3ACwEvVPv6LLUd/7+0rse/xP+n9DdQSwcIS79T39cBAAD3BAAAUEsDBBQACAAIAMZaJlYAAAAAAAAAAHABAAAdACAAX19NQUNPU1gvLl9sYW1iZGFfZnVuY3Rpb24ucHlVVA0ABwy3t2MqwrdjnsK3Y3V4CwABBPUBAAAEFAAAAGNgFWNnYGJg8E1MVvAPVohQgAKQGAMnEBsxMDDaAWkgn7GAgSjgGBISBGGBddwB4iloSpih4gIMDFLJ+bl6iQUFOal6OYnFJaXFqSkpiSWpygHBULVvgNiDgYEfoS43MTkHYr4JkLBhYBBFyBWWJhYl5pVk5qUyaB7angxS9bvwhxCIZmU4cVGp8O5ht9M9wq/6K8U3/yLOP+igUN/AwMLQ2sw4yTwxOTHZ2jmjKD831drFyMjR0cXIQNfVwtFS18TIwFzX0tXYWNfE2MTSzMnY1cDJ2JgBAFBLBwizLZ2f2AAAAHABAABQSwECFAMUAAgACADGWiZWS79T39cBAAD3BAAAEgAgAAAAAAAAAAAAtIEAAAAAbGFtYmRhX2Z1bmN0aW9uLnB5VVQNAAcMt7djKsK3YynCt2N1eAsAAQT1AQAABBQAAABQSwECFAMUAAgACADGWiZWsy2dn9gAAABwAQAAHQAgAAAAAAAAAAAAtIE3AgAAX19NQUNPU1gvLl9sYW1iZGFfZnVuY3Rpb24ucHlVVA0ABwy3t2MqwrdjnsK3Y3V4CwABBPUBAAAEFAAAAFBLBQYAAAAAAgACAMsAAAB6AwAAAAA=",
            "source_code_size": 1115,
            "tags": null,
            "tags_all": {},
            "timeout": 6,
            "timeouts": null,
            "tracing_config": [
              {
                "mode": "PassThrough"
              }
            ],
            "version": "$LATEST",
            "vpc_config": []
          },
          "sensitive_attributes": [],
          "private": "eyJlMmJmYjczMC1lY2FhLTExZTYtOGY4OC0zNDM2M2JjN2M0YzAiOnsiY3JlYXRlIjo2MDAwMDAwMDAwMDAsImRlbGV0ZSI6NjAwMDAwMDAwMDAwLCJ1cGRhdGUiOjYwMDAwMDAwMDAwMH19"
        }
      ]
    }
  ],
  "check_results": null
}
